
Microsoft Visual Studio Solution File, Format Version 12.00
# Visual Studio 15
VisualStudioVersion = 15.0.28010.2036
MinimumVisualStudioVersion = 10.0.40219.1
Project("{FAE04EC0-301F-11D3-BF4B-00C04F79EFBC}") = "Challenge13-MultiBracketValidation", "Challenge13-MultiBracketValidation\Challenge13-MultiBracketValidation.csproj", "{EDAAB1F9-0338-49C9-B307-F56830C21D1E}"
EndProject
Global
	GlobalSection(SolutionConfigurationPlatforms) = preSolution
		Debug|Any CPU = Debug|Any CPU
		Release|Any CPU = Release|Any CPU
	EndGlobalSection
	GlobalSection(ProjectConfigurationPlatforms) = postSolution
		{EDAAB1F9-0338-49C9-B307-F56830C21D1E}.Debug|Any CPU.ActiveCfg = Debug|Any CPU
		{EDAAB1F9-0338-49C9-B307-F56830C21D1E}.Debug|Any CPU.Build.0 = Debug|Any CPU
		{EDAAB1F9-0338-49C9-B307-F56830C21D1E}.Release|Any CPU.ActiveCfg = Release|Any CPU
		{EDAAB1F9-0338-49C9-B307-F56830C21D1E}.Release|Any CPU.Build.0 = Release|Any CPU
	EndGlobalSection
	GlobalSection(SolutionProperties) = preSolution
		HideSolutionNode = FALSE
	EndGlobalSection
	GlobalSection(ExtensibilityGlobals) = postSolution
		SolutionGuid = {8C526800-80CB-433C-9A67-B32CF582BBBD}
	EndGlobalSection
EndGlobal
