
Microsoft Visual Studio Solution File, Format Version 12.00
# Visual Studio 15
VisualStudioVersion = 15.0.28010.2036
MinimumVisualStudioVersion = 10.0.40219.1
Project("{9A19103F-16F7-4668-BE54-9A1E7A4F7556}") = "InsertionSort", "InsertionSort\InsertionSort.csproj", "{4115DFEC-C79B-4357-9C14-5D1A2F4EE89E}"
EndProject
Project("{FAE04EC0-301F-11D3-BF4B-00C04F79EFBC}") = "XUnitTestProject1", "XUnitTestProject1\XUnitTestProject1.csproj", "{D44D442C-8438-45A9-8AFF-09CBD0604180}"
EndProject
Global
	GlobalSection(SolutionConfigurationPlatforms) = preSolution
		Debug|Any CPU = Debug|Any CPU
		Release|Any CPU = Release|Any CPU
	EndGlobalSection
	GlobalSection(ProjectConfigurationPlatforms) = postSolution
		{4115DFEC-C79B-4357-9C14-5D1A2F4EE89E}.Debug|Any CPU.ActiveCfg = Debug|Any CPU
		{4115DFEC-C79B-4357-9C14-5D1A2F4EE89E}.Debug|Any CPU.Build.0 = Debug|Any CPU
		{4115DFEC-C79B-4357-9C14-5D1A2F4EE89E}.Release|Any CPU.ActiveCfg = Release|Any CPU
		{4115DFEC-C79B-4357-9C14-5D1A2F4EE89E}.Release|Any CPU.Build.0 = Release|Any CPU
		{D44D442C-8438-45A9-8AFF-09CBD0604180}.Debug|Any CPU.ActiveCfg = Debug|Any CPU
		{D44D442C-8438-45A9-8AFF-09CBD0604180}.Debug|Any CPU.Build.0 = Debug|Any CPU
		{D44D442C-8438-45A9-8AFF-09CBD0604180}.Release|Any CPU.ActiveCfg = Release|Any CPU
		{D44D442C-8438-45A9-8AFF-09CBD0604180}.Release|Any CPU.Build.0 = Release|Any CPU
	EndGlobalSection
	GlobalSection(SolutionProperties) = preSolution
		HideSolutionNode = FALSE
	EndGlobalSection
	GlobalSection(ExtensibilityGlobals) = postSolution
		SolutionGuid = {CECDC925-80FA-47E9-A719-2E0E173A68B3}
	EndGlobalSection
EndGlobal
