
Microsoft Visual Studio Solution File, Format Version 12.00
# Visual Studio 15
VisualStudioVersion = 15.0.28010.2036
MinimumVisualStudioVersion = 10.0.40219.1
Project("{FAE04EC0-301F-11D3-BF4B-00C04F79EFBC}") = "Challenge27-TwoBinaryTrees", "Challenge27-TwoBinaryTrees\Challenge27-TwoBinaryTrees.csproj", "{69C0D7CC-DFF0-469C-ADA4-351C5F296EA1}"
EndProject
Global
	GlobalSection(SolutionConfigurationPlatforms) = preSolution
		Debug|Any CPU = Debug|Any CPU
		Release|Any CPU = Release|Any CPU
	EndGlobalSection
	GlobalSection(ProjectConfigurationPlatforms) = postSolution
		{69C0D7CC-DFF0-469C-ADA4-351C5F296EA1}.Debug|Any CPU.ActiveCfg = Debug|Any CPU
		{69C0D7CC-DFF0-469C-ADA4-351C5F296EA1}.Debug|Any CPU.Build.0 = Debug|Any CPU
		{69C0D7CC-DFF0-469C-ADA4-351C5F296EA1}.Release|Any CPU.ActiveCfg = Release|Any CPU
		{69C0D7CC-DFF0-469C-ADA4-351C5F296EA1}.Release|Any CPU.Build.0 = Release|Any CPU
	EndGlobalSection
	GlobalSection(SolutionProperties) = preSolution
		HideSolutionNode = FALSE
	EndGlobalSection
	GlobalSection(ExtensibilityGlobals) = postSolution
		SolutionGuid = {35DC1690-D2FF-45A2-83C3-17927C626E51}
	EndGlobalSection
EndGlobal
