
Microsoft Visual Studio Solution File, Format Version 12.00
# Visual Studio 15
VisualStudioVersion = 15.0.28010.2036
MinimumVisualStudioVersion = 10.0.40219.1
Project("{FAE04EC0-301F-11D3-BF4B-00C04F79EFBC}") = "Graph", "Graph\Graph.csproj", "{53B40462-E148-40A8-A93E-1A5E18932C74}"
EndProject
Project("{FAE04EC0-301F-11D3-BF4B-00C04F79EFBC}") = "XUnitTestProject2", "..\XUnitTestProject2\XUnitTestProject2.csproj", "{A0DD714C-B2BF-43EC-AE79-C4A38021F38E}"
EndProject
Global
	GlobalSection(SolutionConfigurationPlatforms) = preSolution
		Debug|Any CPU = Debug|Any CPU
		Release|Any CPU = Release|Any CPU
	EndGlobalSection
	GlobalSection(ProjectConfigurationPlatforms) = postSolution
		{53B40462-E148-40A8-A93E-1A5E18932C74}.Debug|Any CPU.ActiveCfg = Debug|Any CPU
		{53B40462-E148-40A8-A93E-1A5E18932C74}.Debug|Any CPU.Build.0 = Debug|Any CPU
		{53B40462-E148-40A8-A93E-1A5E18932C74}.Release|Any CPU.ActiveCfg = Release|Any CPU
		{53B40462-E148-40A8-A93E-1A5E18932C74}.Release|Any CPU.Build.0 = Release|Any CPU
		{A0DD714C-B2BF-43EC-AE79-C4A38021F38E}.Debug|Any CPU.ActiveCfg = Debug|Any CPU
		{A0DD714C-B2BF-43EC-AE79-C4A38021F38E}.Debug|Any CPU.Build.0 = Debug|Any CPU
		{A0DD714C-B2BF-43EC-AE79-C4A38021F38E}.Release|Any CPU.ActiveCfg = Release|Any CPU
		{A0DD714C-B2BF-43EC-AE79-C4A38021F38E}.Release|Any CPU.Build.0 = Release|Any CPU
	EndGlobalSection
	GlobalSection(SolutionProperties) = preSolution
		HideSolutionNode = FALSE
	EndGlobalSection
	GlobalSection(ExtensibilityGlobals) = postSolution
		SolutionGuid = {FA497889-6B23-4A44-94B7-3035085A59BE}
	EndGlobalSection
EndGlobal
