
Microsoft Visual Studio Solution File, Format Version 12.00
# Visual Studio 15
VisualStudioVersion = 15.0.28010.2036
MinimumVisualStudioVersion = 10.0.40219.1
Project("{FAE04EC0-301F-11D3-BF4B-00C04F79EFBC}") = "Hashtables", "Hashtables\Hashtables.csproj", "{65078968-FA52-43F2-B488-7B123BE15A4C}"
EndProject
Global
	GlobalSection(SolutionConfigurationPlatforms) = preSolution
		Debug|Any CPU = Debug|Any CPU
		Release|Any CPU = Release|Any CPU
	EndGlobalSection
	GlobalSection(ProjectConfigurationPlatforms) = postSolution
		{65078968-FA52-43F2-B488-7B123BE15A4C}.Debug|Any CPU.ActiveCfg = Debug|Any CPU
		{65078968-FA52-43F2-B488-7B123BE15A4C}.Debug|Any CPU.Build.0 = Debug|Any CPU
		{65078968-FA52-43F2-B488-7B123BE15A4C}.Release|Any CPU.ActiveCfg = Release|Any CPU
		{65078968-FA52-43F2-B488-7B123BE15A4C}.Release|Any CPU.Build.0 = Release|Any CPU
	EndGlobalSection
	GlobalSection(SolutionProperties) = preSolution
		HideSolutionNode = FALSE
	EndGlobalSection
	GlobalSection(ExtensibilityGlobals) = postSolution
		SolutionGuid = {DEC81799-2672-4993-B044-BFB7C9356FFB}
	EndGlobalSection
EndGlobal
